// !$*UTF8*$!
{
	archiveVersion = 1;
	classes = {
	};
	objectVersion = 50;
	objects = {

/* Begin PBXBuildFile section */
		E2F7730B20CE16790049F020 /* AppDelegate.swift in Sources */ = {isa = PBXBuildFile; fileRef = E2F7730A20CE16790049F020 /* AppDelegate.swift */; };
		E2F7730D20CE16790049F020 /* ViewController.swift in Sources */ = {isa = PBXBuildFile; fileRef = E2F7730C20CE16790049F020 /* ViewController.swift */; };
		E2F7731020CE16790049F020 /* Main.storyboard in Resources */ = {isa = PBXBuildFile; fileRef = E2F7730E20CE16790049F020 /* Main.storyboard */; };
		E2F7731220CE167A0049F020 /* Assets.xcassets in Resources */ = {isa = PBXBuildFile; fileRef = E2F7731120CE167A0049F020 /* Assets.xcassets */; };
		E2F7731520CE167A0049F020 /* LaunchScreen.storyboard in Resources */ = {isa = PBXBuildFile; fileRef = E2F7731320CE167A0049F020 /* LaunchScreen.storyboard */; };
/* End PBXBuildFile section */

/* Begin PBXFileReference section */
		E2F7730720CE16790049F020 /* ejemplitobeaconconlocalnotification.app */ = {isa = PBXFileReference; explicitFileType = wrapper.application; includeInIndex = 0; path = ejemplitobeaconconlocalnotification.app; sourceTree = BUILT_PRODUCTS_DIR; };
		E2F7730A20CE16790049F020 /* AppDelegate.swift */ = {isa = PBXFileReference; lastKnownFileType = sourcecode.swift; path = AppDelegate.swift; sourceTree = "<group>"; };
		E2F7730C20CE16790049F020 /* ViewController.swift */ = {isa = PBXFileReference; lastKnownFileType = sourcecode.swift; path = ViewController.swift; sourceTree = "<group>"; };
		E2F7730F20CE16790049F020 /* Base */ = {isa = PBXFileReference; lastKnownFileType = file.storyboard; name = Base; path = Base.lproj/Main.storyboard; sourceTree = "<group>"; };
		E2F7731120CE167A0049F020 /* Assets.xcassets */ = {isa = PBXFileReference; lastKnownFileType = folder.assetcatalog; path = Assets.xcassets; sourceTree = "<group>"; };
		E2F7731420CE167A0049F020 /* Base */ = {isa = PBXFileReference; lastKnownFileType = file.storyboard; name = Base; path = Base.lproj/LaunchScreen.storyboard; sourceTree = "<group>"; };
		E2F7731620CE167A0049F020 /* Info.plist */ = {isa = PBXFileReference; lastKnownFileType = text.plist.xml; path = Info.plist; sourceTree = "<group>"; };
/* End PBXFileReference section */

/* Begin PBXFrameworksBuildPhase section */
		E2F7730420CE16790049F020 /* Frameworks */ = {
			isa = PBXFrameworksBuildPhase;
			buildActionMask = 2147483647;
			files = (
			);
			runOnlyForDeploymentPostprocessing = 0;
		};
/* End PBXFrameworksBuildPhase section */

/* Begin PBXGroup section */
		E2F772FE20CE16790049F020 = {
			isa = PBXGroup;
			children = (
				E2F7730920CE16790049F020 /* ejemplitobeaconconlocalnotification */,
				E2F7730820CE16790049F020 /* Products */,
			);
			sourceTree = "<group>";
		};
		E2F7730820CE16790049F020 /* Products */ = {
			isa = PBXGroup;
			children = (
				E2F7730720CE16790049F020 /* ejemplitobeaconconlocalnotification.app */,
			);
			name = Products;
			sourceTree = "<group>";
		};
		E2F7730920CE16790049F020 /* ejemplitobeaconconlocalnotification */ = {
			isa = PBXGroup;
			children = (
				E2F7731F20CE16A10049F020 /* presentation */,
				E2F7731E20CE16980049F020 /* resources */,
				E2F7731D20CE168E0049F020 /* views */,
				E2F7731C20CE16840049F020 /* controller */,
				E2F7731620CE167A0049F020 /* Info.plist */,
			);
			path = ejemplitobeaconconlocalnotification;
			sourceTree = "<group>";
		};
		E2F7731C20CE16840049F020 /* controller */ = {
			isa = PBXGroup;
			children = (
				E2F7730C20CE16790049F020 /* ViewController.swift */,
			);
			path = controller;
			sourceTree = "<group>";
		};
		E2F7731D20CE168E0049F020 /* views */ = {
			isa = PBXGroup;
			children = (
				E2F7730E20CE16790049F020 /* Main.storyboard */,
				E2F7731320CE167A0049F020 /* LaunchScreen.storyboard */,
			);
			path = views;
			sourceTree = "<group>";
		};
		E2F7731E20CE16980049F020 /* resources */ = {
			isa = PBXGroup;
			children = (
				E2F7731120CE167A0049F020 /* Assets.xcassets */,
			);
			path = resources;
			sourceTree = "<group>";
		};
		E2F7731F20CE16A10049F020 /* presentation */ = {
			isa = PBXGroup;
			children = (
				E2F7730A20CE16790049F020 /* AppDelegate.swift */,
			);
			path = presentation;
			sourceTree = "<group>";
		};
/* End PBXGroup section */

/* Begin PBXNativeTarget section */
		E2F7730620CE16790049F020 /* ejemplitobeaconconlocalnotification */ = {
			isa = PBXNativeTarget;
			buildConfigurationList = E2F7731920CE167A0049F020 /* Build configuration list for PBXNativeTarget "ejemplitobeaconconlocalnotification" */;
			buildPhases = (
				E2F7730320CE16790049F020 /* Sources */,
				E2F7730420CE16790049F020 /* Frameworks */,
				E2F7730520CE16790049F020 /* Resources */,
			);
			buildRules = (
			);
			dependencies = (
			);
			name = ejemplitobeaconconlocalnotification;
			productName = ejemplitobeaconconlocalnotification;
			productReference = E2F7730720CE16790049F020 /* ejemplitobeaconconlocalnotification.app */;
			productType = "com.apple.product-type.application";
		};
/* End PBXNativeTarget section */

/* Begin PBXProject section */
		E2F772FF20CE16790049F020 /* Project object */ = {
			isa = PBXProject;
			attributes = {
				LastSwiftUpdateCheck = 0940;
				LastUpgradeCheck = 0940;
				ORGANIZATIONNAME = mescurra;
				TargetAttributes = {
					E2F7730620CE16790049F020 = {
						CreatedOnToolsVersion = 9.4;
					};
				};
			};
			buildConfigurationList = E2F7730220CE16790049F020 /* Build configuration list for PBXProject "ejemplitobeaconconlocalnotification" */;
			compatibilityVersion = "Xcode 9.3";
			developmentRegion = en;
			hasScannedForEncodings = 0;
			knownRegions = (
				en,
				Base,
			);
			mainGroup = E2F772FE20CE16790049F020;
			productRefGroup = E2F7730820CE16790049F020 /* Products */;
			projectDirPath = "";
			projectRoot = "";
			targets = (
				E2F7730620CE16790049F020 /* ejemplitobeaconconlocalnotification */,
			);
		};
/* End PBXProject section */

/* Begin PBXResourcesBuildPhase section */
		E2F7730520CE16790049F020 /* Resources */ = {
			isa = PBXResourcesBuildPhase;
			buildActionMask = 2147483647;
			files = (
				E2F7731520CE167A0049F020 /* LaunchScreen.storyboard in Resources */,
				E2F7731220CE167A0049F020 /* Assets.xcassets in Resources */,
				E2F7731020CE16790049F020 /* Main.storyboard in Resources */,
			);
			runOnlyForDeploymentPostprocessing = 0;
		};
/* End PBXResourcesBuildPhase section */

/* Begin PBXSourcesBuildPhase section */
		E2F7730320CE16790049F020 /* Sources */ = {
			isa = PBXSourcesBuildPhase;
			buildActionMask = 2147483647;
			files = (
				E2F7730D20CE16790049F020 /* ViewController.swift in Sources */,
				E2F7730B20CE16790049F020 /* AppDelegate.swift in Sources */,
			);
			runOnlyForDeploymentPostprocessing = 0;
		};
/* End PBXSourcesBuildPhase section */

/* Begin PBXVariantGroup section */
		E2F7730E20CE16790049F020 /* Main.storyboard */ = {
			isa = PBXVariantGroup;
			children = (
				E2F7730F20CE16790049F020 /* Base */,
			);
			name = Main.storyboard;
			sourceTree = "<group>";
		};
		E2F7731320CE167A0049F020 /* LaunchScreen.storyboard */ = {
			isa = PBXVariantGroup;
			children = (
				E2F7731420CE167A0049F020 /* Base */,
			);
			name = LaunchScreen.storyboard;
			sourceTree = "<group>";
		};
/* End PBXVariantGroup section */

/* Begin XCBuildConfiguration section */
		E2F7731720CE167A0049F020 /* Debug */ = {
			isa = XCBuildConfiguration;
			buildSettings = {
				ALWAYS_SEARCH_USER_PATHS = NO;
				CLANG_ANALYZER_NONNULL = YES;
				CLANG_ANALYZER_NUMBER_OBJECT_CONVERSION = YES_AGGRESSIVE;
				CLANG_CXX_LANGUAGE_STANDARD = "gnu++14";
				CLANG_CXX_LIBRARY = "libc++";
				CLANG_ENABLE_MODULES = YES;
				CLANG_ENABLE_OBJC_ARC = YES;
				CLANG_ENABLE_OBJC_WEAK = YES;
				CLANG_WARN_BLOCK_CAPTURE_AUTORELEASING = YES;
				CLANG_WARN_BOOL_CONVERSION = YES;
				CLANG_WARN_COMMA = YES;
				CLANG_WARN_CONSTANT_CONVERSION = YES;
				CLANG_WARN_DEPRECATED_OBJC_IMPLEMENTATIONS = YES;
				CLANG_WARN_DIRECT_OBJC_ISA_USAGE = YES_ERROR;
				CLANG_WARN_DOCUMENTATION_COMMENTS = YES;
				CLANG_WARN_EMPTY_BODY = YES;
				CLANG_WARN_ENUM_CONVERSION = YES;
				CLANG_WARN_INFINITE_RECURSION = YES;
				CLANG_WARN_INT_CONVERSION = YES;
				CLANG_WARN_NON_LITERAL_NULL_CONVERSION = YES;
				CLANG_WARN_OBJC_IMPLICIT_RETAIN_SELF = YES;
				CLANG_WARN_OBJC_LITERAL_CONVERSION = YES;
				CLANG_WARN_OBJC_ROOT_CLASS = YES_ERROR;
				CLANG_WARN_RANGE_LOOP_ANALYSIS = YES;
				CLANG_WARN_STRICT_PROTOTYPES = YES;
				CLANG_WARN_SUSPICIOUS_MOVE = YES;
				CLANG_WARN_UNGUARDED_AVAILABILITY = YES_AGGRESSIVE;
				CLANG_WARN_UNREACHABLE_CODE = YES;
				CLANG_WARN__DUPLICATE_METHOD_MATCH = YES;
				CODE_SIGN_IDENTITY = "iPhone Developer";
				COPY_PHASE_STRIP = NO;
				DEBUG_INFORMATION_FORMAT = dwarf;
				ENABLE_STRICT_OBJC_MSGSEND = YES;
				ENABLE_TESTABILITY = YES;
				GCC_C_LANGUAGE_STANDARD = gnu11;
				GCC_DYNAMIC_NO_PIC = NO;
				GCC_NO_COMMON_BLOCKS = YES;
				GCC_OPTIMIZATION_LEVEL = 0;
				GCC_PREPROCESSOR_DEFINITIONS = (
					"DEBUG=1",
					"$(inherited)",
				);
				GCC_WARN_64_TO_32_BIT_CONVERSION = YES;
				GCC_WARN_ABOUT_RETURN_TYPE = YES_ERROR;
				GCC_WARN_UNDECLARED_SELECTOR = YES;
				GCC_WARN_UNINITIALIZED_AUTOS = YES_AGGRESSIVE;
				GCC_WARN_UNUSED_FUNCTION = YES;
				GCC_WARN_UNUSED_VARIABLE = YES;
				IPHONEOS_DEPLOYMENT_TARGET = 11.4;
				MTL_ENABLE_DEBUG_INFO = YES;
				ONLY_ACTIVE_ARCH = YES;
				SDKROOT = iphoneos;
				SWIFT_ACTIVE_COMPILATION_CONDITIONS = DEBUG;
				SWIFT_OPTIMIZATION_LEVEL = "-Onone";
			};
			name = Debug;
		};
		E2F7731820CE167A0049F020 /* Release */ = {
			isa = XCBuildConfiguration;
			buildSettings = {
				ALWAYS_SEARCH_USER_PATHS = NO;
				CLANG_ANALYZER_NONNULL = YES;
				CLANG_ANALYZER_NUMBER_OBJECT_CONVERSION = YES_AGGRESSIVE;
				CLANG_CXX_LANGUAGE_STANDARD = "gnu++14";
				CLANG_CXX_LIBRARY = "libc++";
				CLANG_ENABLE_MODULES = YES;
				CLANG_ENABLE_OBJC_ARC = YES;
				CLANG_ENABLE_OBJC_WEAK = YES;
				CLANG_WARN_BLOCK_CAPTURE_AUTORELEASING = YES;
				CLANG_WARN_BOOL_CONVERSION = YES;
				CLANG_WARN_COMMA = YES;
				CLANG_WARN_CONSTANT_CONVERSION = YES;
				CLANG_WARN_DEPRECATED_OBJC_IMPLEMENTATIONS = YES;
				CLANG_WARN_DIRECT_OBJC_ISA_USAGE = YES_ERROR;
				CLANG_WARN_DOCUMENTATION_COMMENTS = YES;
				CLANG_WARN_EMPTY_BODY = YES;
				CLANG_WARN_ENUM_CONVERSION = YES;
				CLANG_WARN_INFINITE_RECURSION = YES;
				CLANG_WARN_INT_CONVERSION = YES;
				CLANG_WARN_NON_LITERAL_NULL_CONVERSION = YES;
				CLANG_WARN_OBJC_IMPLICIT_RETAIN_SELF = YES;
				CLANG_WARN_OBJC_LITERAL_CONVERSION = YES;
				CLANG_WARN_OBJC_ROOT_CLASS = YES_ERROR;
				CLANG_WARN_RANGE_LOOP_ANALYSIS = YES;
				CLANG_WARN_STRICT_PROTOTYPES = YES;
				CLANG_WARN_SUSPICIOUS_MOVE = YES;
				CLANG_WARN_UNGUARDED_AVAILABILITY = YES_AGGRESSIVE;
				CLANG_WARN_UNREACHABLE_CODE = YES;
				CLANG_WARN__DUPLICATE_METHOD_MATCH = YES;
				CODE_SIGN_IDENTITY = "iPhone Developer";
				COPY_PHASE_STRIP = NO;
				DEBUG_INFORMATION_FORMAT = "dwarf-with-dsym";
				ENABLE_NS_ASSERTIONS = NO;
				ENABLE_STRICT_OBJC_MSGSEND = YES;
				GCC_C_LANGUAGE_STANDARD = gnu11;
				GCC_NO_COMMON_BLOCKS = YES;
				GCC_WARN_64_TO_32_BIT_CONVERSION = YES;
				GCC_WARN_ABOUT_RETURN_TYPE = YES_ERROR;
				GCC_WARN_UNDECLARED_SELECTOR = YES;
				GCC_WARN_UNINITIALIZED_AUTOS = YES_AGGRESSIVE;
				GCC_WARN_UNUSED_FUNCTION = YES;
				GCC_WARN_UNUSED_VARIABLE = YES;
				IPHONEOS_DEPLOYMENT_TARGET = 11.4;
				MTL_ENABLE_DEBUG_INFO = NO;
				SDKROOT = iphoneos;
				SWIFT_COMPILATION_MODE = wholemodule;
				SWIFT_OPTIMIZATION_LEVEL = "-O";
				VALIDATE_PRODUCT = YES;
			};
			name = Release;
		};
		E2F7731A20CE167A0049F020 /* Debug */ = {
			isa = XCBuildConfiguration;
			buildSettings = {
				ASSETCATALOG_COMPILER_APPICON_NAME = AppIcon;
				CODE_SIGN_STYLE = Automatic;
				INFOPLIST_FILE = ejemplitobeaconconlocalnotification/Info.plist;
				LD_RUNPATH_SEARCH_PATHS = (
					"$(inherited)",
					"@executable_path/Frameworks",
				);
				PRODUCT_BUNDLE_IDENTIFIER = com.mescurra.proyectos.ejemplitobeaconconlocalnotification;
				PRODUCT_NAME = "$(TARGET_NAME)";
				SWIFT_VERSION = 4.0;
				TARGETED_DEVICE_FAMILY = "1,2";
			};
			name = Debug;
		};
		E2F7731B20CE167A0049F020 /* Release */ = {
			isa = XCBuildConfiguration;
			buildSettings = {
				ASSETCATALOG_COMPILER_APPICON_NAME = AppIcon;
				CODE_SIGN_STYLE = Automatic;
				INFOPLIST_FILE = ejemplitobeaconconlocalnotification/Info.plist;
				LD_RUNPATH_SEARCH_PATHS = (
					"$(inherited)",
					"@executable_path/Frameworks",
				);
				PRODUCT_BUNDLE_IDENTIFIER = com.mescurra.proyectos.ejemplitobeaconconlocalnotification;
				PRODUCT_NAME = "$(TARGET_NAME)";
				SWIFT_VERSION = 4.0;
				TARGETED_DEVICE_FAMILY = "1,2";
			};
			name = Release;
		};
/* End XCBuildConfiguration section */

/* Begin XCConfigurationList section */
		E2F7730220CE16790049F020 /* Build configuration list for PBXProject "ejemplitobeaconconlocalnotification" */ = {
			isa = XCConfigurationList;
			buildConfigurations = (
				E2F7731720CE167A0049F020 /* Debug */,
				E2F7731820CE167A0049F020 /* Release */,
			);
			defaultConfigurationIsVisible = 0;
			defaultConfigurationName = Release;
		};
		E2F7731920CE167A0049F020 /* Build configuration list for PBXNativeTarget "ejemplitobeaconconlocalnotification" */ = {
			isa = XCConfigurationList;
			buildConfigurations = (
				E2F7731A20CE167A0049F020 /* Debug */,
				E2F7731B20CE167A0049F020 /* Release */,
			);
			defaultConfigurationIsVisible = 0;
			defaultConfigurationName = Release;
		};
/* End XCConfigurationList section */
	};
	rootObject = E2F772FF20CE16790049F020 /* Project object */;
}
